// !$*UTF8*$!
{
	archiveVersion = 1;
	classes = {
	};
	objectVersion = 46;
	objects = {

/* Begin PBXBuildFile section */
		49043E8A1CB5760B00A3696C /* UIView+Extras.m in Sources */ = {isa = PBXBuildFile; fileRef = 49043E891CB5760B00A3696C /* UIView+Extras.m */; };
		49163E931E2E47BF008919D9 /* VideoScrubberViewController.m in Sources */ = {isa = PBXBuildFile; fileRef = 49163E921E2E47BF008919D9 /* VideoScrubberViewController.m */; };
		49178B3C1E29146A00E40B8B /* VideoSource.m in Sources */ = {isa = PBXBuildFile; fileRef = 49178B3B1E29146A00E40B8B /* VideoSource.m */; };
		491AE1971E5356F30071D579 /* GifQuality.m in Sources */ = {isa = PBXBuildFile; fileRef = 491AE1961E5356F30071D579 /* GifQuality.m */; };
		4932A1441C1F2CB1003FA850 /* FBSDKMessengerShareKit.framework in Frameworks */ = {isa = PBXBuildFile; fileRef = 4932A1431C1F2CB1003FA850 /* FBSDKMessengerShareKit.framework */; };
		4958B4341C3A9A84006FC60E /* NSObject+Helpers.m in Sources */ = {isa = PBXBuildFile; fileRef = 4958B4331C3A9A84006FC60E /* NSObject+Helpers.m */; };
		4958B4371C3A9DD1006FC60E /* UIImage+animatedGIF.m in Sources */ = {isa = PBXBuildFile; fileRef = 4958B4361C3A9DD1006FC60E /* UIImage+animatedGIF.m */; };
		495E9E111CE20BE0005CF223 /* UIImagePickerController+Additions.m in Sources */ = {isa = PBXBuildFile; fileRef = 495E9E101CE20BE0005CF223 /* UIImagePickerController+Additions.m */; };
		49693F681C062606007298EF /* UIImage+Extras.m in Sources */ = {isa = PBXBuildFile; fileRef = 49693F671C062606007298EF /* UIImage+Extras.m */; };
		49693F6B1C087ECE007298EF /* NSString+Extras.m in Sources */ = {isa = PBXBuildFile; fileRef = 49693F6A1C087ECE007298EF /* NSString+Extras.m */; };
		49693F701C0881C9007298EF /* GifElement.m in Sources */ = {isa = PBXBuildFile; fileRef = 49693F6F1C0881C9007298EF /* GifElement.m */; };
		49693F731C0889DE007298EF /* GifManager.m in Sources */ = {isa = PBXBuildFile; fileRef = 49693F721C0889DE007298EF /* GifManager.m */; };
		49693F761C08AA35007298EF /* GifListViewController.m in Sources */ = {isa = PBXBuildFile; fileRef = 49693F751C08AA35007298EF /* GifListViewController.m */; };
		49693F791C08B444007298EF /* GifTableViewCell.m in Sources */ = {isa = PBXBuildFile; fileRef = 49693F781C08B444007298EF /* GifTableViewCell.m */; };
		496BC5411C03A559001713BA /* main.m in Sources */ = {isa = PBXBuildFile; fileRef = 496BC5401C03A559001713BA /* main.m */; };
		496BC5441C03A559001713BA /* AppDelegate.m in Sources */ = {isa = PBXBuildFile; fileRef = 496BC5431C03A559001713BA /* AppDelegate.m */; };
		496BC54A1C03A559001713BA /* Main.storyboard in Resources */ = {isa = PBXBuildFile; fileRef = 496BC5481C03A559001713BA /* Main.storyboard */; };
		496BC54C1C03A559001713BA /* Assets.xcassets in Resources */ = {isa = PBXBuildFile; fileRef = 496BC54B1C03A559001713BA /* Assets.xcassets */; };
		496BC54F1C03A559001713BA /* LaunchScreen.storyboard in Resources */ = {isa = PBXBuildFile; fileRef = 496BC54D1C03A559001713BA /* LaunchScreen.storyboard */; };
		496BC55A1C03A559001713BA /* gifmakerTests.m in Sources */ = {isa = PBXBuildFile; fileRef = 496BC5591C03A559001713BA /* gifmakerTests.m */; };
		496BC5651C03A559001713BA /* gifmakerUITests.m in Sources */ = {isa = PBXBuildFile; fileRef = 496BC5641C03A559001713BA /* gifmakerUITests.m */; };
		496BC5731C03B383001713BA /* AVFoundation.framework in Frameworks */ = {isa = PBXBuildFile; fileRef = 496BC5721C03B383001713BA /* AVFoundation.framework */; };
		496BC5811C0505BA001713BA /* RecordViewController.m in Sources */ = {isa = PBXBuildFile; fileRef = 496BC5801C0505BA001713BA /* RecordViewController.m */; };
		496CBBC91C2AE52C00D5C117 /* FacebookShareActivity.m in Sources */ = {isa = PBXBuildFile; fileRef = 496CBBC81C2AE52C00D5C117 /* FacebookShareActivity.m */; };
		496CBBCC1C2AED4400D5C117 /* IMessageShareActivity.m in Sources */ = {isa = PBXBuildFile; fileRef = 496CBBCB1C2AED4400D5C117 /* IMessageShareActivity.m */; };
		496CBBCF1C2AF51100D5C117 /* FacebookMessengerShareActivity.m in Sources */ = {isa = PBXBuildFile; fileRef = 496CBBCE1C2AF51100D5C117 /* FacebookMessengerShareActivity.m */; };
		496CBBD21C2AFE5400D5C117 /* SaveVideoActivity.m in Sources */ = {isa = PBXBuildFile; fileRef = 496CBBD11C2AFE5400D5C117 /* SaveVideoActivity.m */; };
		497131A41C176C2900DF7766 /* Exporter.m in Sources */ = {isa = PBXBuildFile; fileRef = 497131A31C176C2900DF7766 /* Exporter.m */; };
		497B708F1D37B557006CA3FC /* NetworkManager.m in Sources */ = {isa = PBXBuildFile; fileRef = 497B708E1D37B557006CA3FC /* NetworkManager.m */; };
		49B4F0FC1C107AC6009475B1 /* CaptionsViewController.m in Sources */ = {isa = PBXBuildFile; fileRef = 49B4F0FB1C107AC6009475B1 /* CaptionsViewController.m */; };
		49B4F0FE1C1091B6009475B1 /* impact.ttf in Resources */ = {isa = PBXBuildFile; fileRef = 49B4F0FD1C1091B6009475B1 /* impact.ttf */; };
		49C388581D37CB4600FE0160 /* AnalyticsManager.m in Sources */ = {isa = PBXBuildFile; fileRef = 49C388571D37CB4600FE0160 /* AnalyticsManager.m */; };
		4B81CDE7B677CEDB2FAD0815 /* libPods-gifmaker.a in Frameworks */ = {isa = PBXBuildFile; fileRef = 2F967DCD718F97C04E6696A3 /* libPods-gifmaker.a */; };
/* End PBXBuildFile section */

/* Begin PBXContainerItemProxy section */
		496BC5561C03A559001713BA /* PBXContainerItemProxy */ = {
			isa = PBXContainerItemProxy;
			containerPortal = 496BC5341C03A559001713BA /* Project object */;
			proxyType = 1;
			remoteGlobalIDString = 496BC53B1C03A559001713BA;
			remoteInfo = gifmaker;
		};
		496BC5611C03A559001713BA /* PBXContainerItemProxy */ = {
			isa = PBXContainerItemProxy;
			containerPortal = 496BC5341C03A559001713BA /* Project object */;
			proxyType = 1;
			remoteGlobalIDString = 496BC53B1C03A559001713BA;
			remoteInfo = gifmaker;
		};
/* End PBXContainerItemProxy section */

/* Begin PBXFileReference section */
		2F967DCD718F97C04E6696A3 /* libPods-gifmaker.a */ = {isa = PBXFileReference; explicitFileType = archive.ar; includeInIndex = 0; path = "libPods-gifmaker.a"; sourceTree = BUILT_PRODUCTS_DIR; };
		38CF65B7AF7C1A3E4B0A1D97 /* Pods-gifmaker.debug.xcconfig */ = {isa = PBXFileReference; includeInIndex = 1; lastKnownFileType = text.xcconfig; name = "Pods-gifmaker.debug.xcconfig"; path = "Pods/Target Support Files/Pods-gifmaker/Pods-gifmaker.debug.xcconfig"; sourceTree = "<group>"; };
		49043E871CB3FFDD00A3696C /* Macros.h */ = {isa = PBXFileReference; fileEncoding = 4; lastKnownFileType = sourcecode.c.h; path = Macros.h; sourceTree = "<group>"; };
		49043E881CB5760B00A3696C /* UIView+Extras.h */ = {isa = PBXFileReference; fileEncoding = 4; lastKnownFileType = sourcecode.c.h; path = "UIView+Extras.h"; sourceTree = "<group>"; };
		49043E891CB5760B00A3696C /* UIView+Extras.m */ = {isa = PBXFileReference; fileEncoding = 4; lastKnownFileType = sourcecode.c.objc; path = "UIView+Extras.m"; sourceTree = "<group>"; };
		49163E911E2E47BF008919D9 /* VideoScrubberViewController.h */ = {isa = PBXFileReference; fileEncoding = 4; lastKnownFileType = sourcecode.c.h; path = VideoScrubberViewController.h; sourceTree = "<group>"; };
		49163E921E2E47BF008919D9 /* VideoScrubberViewController.m */ = {isa = PBXFileReference; fileEncoding = 4; lastKnownFileType = sourcecode.c.objc; path = VideoScrubberViewController.m; sourceTree = "<group>"; };
		49178B3A1E29146A00E40B8B /* VideoSource.h */ = {isa = PBXFileReference; fileEncoding = 4; lastKnownFileType = sourcecode.c.h; path = VideoSource.h; sourceTree = "<group>"; };
		49178B3B1E29146A00E40B8B /* VideoSource.m */ = {isa = PBXFileReference; fileEncoding = 4; lastKnownFileType = sourcecode.c.objc; path = VideoSource.m; sourceTree = "<group>"; };
		491AE1961E5356F30071D579 /* GifQuality.m */ = {isa = PBXFileReference; fileEncoding = 4; lastKnownFileType = sourcecode.c.objc; path = GifQuality.m; sourceTree = "<group>"; };
		4932A1411C1F2B38003FA850 /* FBSDKMessengerShareKit.framework */ = {isa = PBXFileReference; lastKnownFileType = wrapper.framework; name = FBSDKMessengerShareKit.framework; path = "../Downloads/FacebookSDKs-iOS-20151111/FBSDKMessengerShareKit.framework"; sourceTree = "<group>"; };
		4932A1431C1F2CB1003FA850 /* FBSDKMessengerShareKit.framework */ = {isa = PBXFileReference; lastKnownFileType = wrapper.framework; path = FBSDKMessengerShareKit.framework; sourceTree = "<group>"; };
		4958B4321C3A9A84006FC60E /* NSObject+Helpers.h */ = {isa = PBXFileReference; fileEncoding = 4; lastKnownFileType = sourcecode.c.h; path = "NSObject+Helpers.h"; sourceTree = "<group>"; };
		4958B4331C3A9A84006FC60E /* NSObject+Helpers.m */ = {isa = PBXFileReference; fileEncoding = 4; lastKnownFileType = sourcecode.c.objc; path = "NSObject+Helpers.m"; sourceTree = "<group>"; };
		4958B4351C3A9DD1006FC60E /* UIImage+animatedGIF.h */ = {isa = PBXFileReference; fileEncoding = 4; lastKnownFileType = sourcecode.c.h; path = "UIImage+animatedGIF.h"; sourceTree = "<group>"; };
		4958B4361C3A9DD1006FC60E /* UIImage+animatedGIF.m */ = {isa = PBXFileReference; fileEncoding = 4; lastKnownFileType = sourcecode.c.objc; path = "UIImage+animatedGIF.m"; sourceTree = "<group>"; };
		495E9E0F1CE20BE0005CF223 /* UIImagePickerController+Additions.h */ = {isa = PBXFileReference; fileEncoding = 4; lastKnownFileType = sourcecode.c.h; path = "UIImagePickerController+Additions.h"; sourceTree = "<group>"; };
		495E9E101CE20BE0005CF223 /* UIImagePickerController+Additions.m */ = {isa = PBXFileReference; fileEncoding = 4; lastKnownFileType = sourcecode.c.objc; path = "UIImagePickerController+Additions.m"; sourceTree = "<group>"; };
		49693F661C062606007298EF /* UIImage+Extras.h */ = {isa = PBXFileReference; fileEncoding = 4; lastKnownFileType = sourcecode.c.h; path = "UIImage+Extras.h"; sourceTree = "<group>"; };
		49693F671C062606007298EF /* UIImage+Extras.m */ = {isa = PBXFileReference; fileEncoding = 4; lastKnownFileType = sourcecode.c.objc; path = "UIImage+Extras.m"; sourceTree = "<group>"; };
		49693F691C087ECE007298EF /* NSString+Extras.h */ = {isa = PBXFileReference; fileEncoding = 4; lastKnownFileType = sourcecode.c.h; path = "NSString+Extras.h"; sourceTree = "<group>"; };
		49693F6A1C087ECE007298EF /* NSString+Extras.m */ = {isa = PBXFileReference; fileEncoding = 4; lastKnownFileType = sourcecode.c.objc; path = "NSString+Extras.m"; sourceTree = "<group>"; };
		49693F6E1C0881C9007298EF /* GifElement.h */ = {isa = PBXFileReference; fileEncoding = 4; lastKnownFileType = sourcecode.c.h; path = GifElement.h; sourceTree = "<group>"; };
		49693F6F1C0881C9007298EF /* GifElement.m */ = {isa = PBXFileReference; fileEncoding = 4; lastKnownFileType = sourcecode.c.objc; path = GifElement.m; sourceTree = "<group>"; };
		49693F711C0889DE007298EF /* GifManager.h */ = {isa = PBXFileReference; fileEncoding = 4; lastKnownFileType = sourcecode.c.h; path = GifManager.h; sourceTree = "<group>"; };
		49693F721C0889DE007298EF /* GifManager.m */ = {isa = PBXFileReference; fileEncoding = 4; lastKnownFileType = sourcecode.c.objc; path = GifManager.m; sourceTree = "<group>"; };
		49693F741C08AA35007298EF /* GifListViewController.h */ = {isa = PBXFileReference; fileEncoding = 4; lastKnownFileType = sourcecode.c.h; path = GifListViewController.h; sourceTree = "<group>"; };
		49693F751C08AA35007298EF /* GifListViewController.m */ = {isa = PBXFileReference; fileEncoding = 4; lastKnownFileType = sourcecode.c.objc; path = GifListViewController.m; sourceTree = "<group>"; };
		49693F771C08B444007298EF /* GifTableViewCell.h */ = {isa = PBXFileReference; fileEncoding = 4; lastKnownFileType = sourcecode.c.h; path = GifTableViewCell.h; sourceTree = "<group>"; };
		49693F781C08B444007298EF /* GifTableViewCell.m */ = {isa = PBXFileReference; fileEncoding = 4; lastKnownFileType = sourcecode.c.objc; path = GifTableViewCell.m; sourceTree = "<group>"; };
		496BC53C1C03A559001713BA /* gifmaker.app */ = {isa = PBXFileReference; explicitFileType = wrapper.application; includeInIndex = 0; path = gifmaker.app; sourceTree = BUILT_PRODUCTS_DIR; };
		496BC5401C03A559001713BA /* main.m */ = {isa = PBXFileReference; lastKnownFileType = sourcecode.c.objc; path = main.m; sourceTree = "<group>"; };
		496BC5421C03A559001713BA /* AppDelegate.h */ = {isa = PBXFileReference; lastKnownFileType = sourcecode.c.h; path = AppDelegate.h; sourceTree = "<group>"; };
		496BC5431C03A559001713BA /* AppDelegate.m */ = {isa = PBXFileReference; lastKnownFileType = sourcecode.c.objc; path = AppDelegate.m; sourceTree = "<group>"; };
		496BC5491C03A559001713BA /* Base */ = {isa = PBXFileReference; lastKnownFileType = file.storyboard; name = Base; path = Base.lproj/Main.storyboard; sourceTree = "<group>"; };
		496BC54B1C03A559001713BA /* Assets.xcassets */ = {isa = PBXFileReference; lastKnownFileType = folder.assetcatalog; path = Assets.xcassets; sourceTree = "<group>"; };
		496BC54E1C03A559001713BA /* Base */ = {isa = PBXFileReference; lastKnownFileType = file.storyboard; name = Base; path = Base.lproj/LaunchScreen.storyboard; sourceTree = "<group>"; };
		496BC5501C03A559001713BA /* Info.plist */ = {isa = PBXFileReference; lastKnownFileType = text.plist.xml; path = Info.plist; sourceTree = "<group>"; };
		496BC5551C03A559001713BA /* gifmakerTests.xctest */ = {isa = PBXFileReference; explicitFileType = wrapper.cfbundle; includeInIndex = 0; path = gifmakerTests.xctest; sourceTree = BUILT_PRODUCTS_DIR; };
		496BC5591C03A559001713BA /* gifmakerTests.m */ = {isa = PBXFileReference; lastKnownFileType = sourcecode.c.objc; path = gifmakerTests.m; sourceTree = "<group>"; };
		496BC55B1C03A559001713BA /* Info.plist */ = {isa = PBXFileReference; lastKnownFileType = text.plist.xml; path = Info.plist; sourceTree = "<group>"; };
		496BC5601C03A559001713BA /* gifmakerUITests.xctest */ = {isa = PBXFileReference; explicitFileType = wrapper.cfbundle; includeInIndex = 0; path = gifmakerUITests.xctest; sourceTree = BUILT_PRODUCTS_DIR; };
		496BC5641C03A559001713BA /* gifmakerUITests.m */ = {isa = PBXFileReference; lastKnownFileType = sourcecode.c.objc; path = gifmakerUITests.m; sourceTree = "<group>"; };
		496BC5661C03A559001713BA /* Info.plist */ = {isa = PBXFileReference; lastKnownFileType = text.plist.xml; path = Info.plist; sourceTree = "<group>"; };
		496BC5721C03B383001713BA /* AVFoundation.framework */ = {isa = PBXFileReference; lastKnownFileType = wrapper.framework; name = AVFoundation.framework; path = System/Library/Frameworks/AVFoundation.framework; sourceTree = SDKROOT; };
		496BC57F1C0505BA001713BA /* RecordViewController.h */ = {isa = PBXFileReference; fileEncoding = 4; lastKnownFileType = sourcecode.c.h; path = RecordViewController.h; sourceTree = "<group>"; };
		496BC5801C0505BA001713BA /* RecordViewController.m */ = {isa = PBXFileReference; fileEncoding = 4; lastKnownFileType = sourcecode.c.objc; path = RecordViewController.m; sourceTree = "<group>"; };
		496CBBC71C2AE52C00D5C117 /* FacebookShareActivity.h */ = {isa = PBXFileReference; fileEncoding = 4; lastKnownFileType = sourcecode.c.h; path = FacebookShareActivity.h; sourceTree = "<group>"; };
		496CBBC81C2AE52C00D5C117 /* FacebookShareActivity.m */ = {isa = PBXFileReference; fileEncoding = 4; lastKnownFileType = sourcecode.c.objc; path = FacebookShareActivity.m; sourceTree = "<group>"; };
		496CBBCA1C2AED4400D5C117 /* IMessageShareActivity.h */ = {isa = PBXFileReference; fileEncoding = 4; lastKnownFileType = sourcecode.c.h; path = IMessageShareActivity.h; sourceTree = "<group>"; };
		496CBBCB1C2AED4400D5C117 /* IMessageShareActivity.m */ = {isa = PBXFileReference; fileEncoding = 4; lastKnownFileType = sourcecode.c.objc; path = IMessageShareActivity.m; sourceTree = "<group>"; };
		496CBBCD1C2AF51100D5C117 /* FacebookMessengerShareActivity.h */ = {isa = PBXFileReference; fileEncoding = 4; lastKnownFileType = sourcecode.c.h; path = FacebookMessengerShareActivity.h; sourceTree = "<group>"; };
		496CBBCE1C2AF51100D5C117 /* FacebookMessengerShareActivity.m */ = {isa = PBXFileReference; fileEncoding = 4; lastKnownFileType = sourcecode.c.objc; path = FacebookMessengerShareActivity.m; sourceTree = "<group>"; };
		496CBBD01C2AFE5400D5C117 /* SaveVideoActivity.h */ = {isa = PBXFileReference; fileEncoding = 4; lastKnownFileType = sourcecode.c.h; path = SaveVideoActivity.h; sourceTree = "<group>"; };
		496CBBD11C2AFE5400D5C117 /* SaveVideoActivity.m */ = {isa = PBXFileReference; fileEncoding = 4; lastKnownFileType = sourcecode.c.objc; path = SaveVideoActivity.m; sourceTree = "<group>"; };
		497131A21C176C2900DF7766 /* Exporter.h */ = {isa = PBXFileReference; fileEncoding = 4; lastKnownFileType = sourcecode.c.h; path = Exporter.h; sourceTree = "<group>"; };
		497131A31C176C2900DF7766 /* Exporter.m */ = {isa = PBXFileReference; fileEncoding = 4; lastKnownFileType = sourcecode.c.objc; path = Exporter.m; sourceTree = "<group>"; };
		497B708D1D37B557006CA3FC /* NetworkManager.h */ = {isa = PBXFileReference; fileEncoding = 4; lastKnownFileType = sourcecode.c.h; path = NetworkManager.h; sourceTree = "<group>"; };
		497B708E1D37B557006CA3FC /* NetworkManager.m */ = {isa = PBXFileReference; fileEncoding = 4; lastKnownFileType = sourcecode.c.objc; path = NetworkManager.m; sourceTree = "<group>"; };
		49B4F0FA1C107AC6009475B1 /* CaptionsViewController.h */ = {isa = PBXFileReference; fileEncoding = 4; lastKnownFileType = sourcecode.c.h; path = CaptionsViewController.h; sourceTree = "<group>"; };
		49B4F0FB1C107AC6009475B1 /* CaptionsViewController.m */ = {isa = PBXFileReference; fileEncoding = 4; lastKnownFileType = sourcecode.c.objc; path = CaptionsViewController.m; sourceTree = "<group>"; };
		49B4F0FD1C1091B6009475B1 /* impact.ttf */ = {isa = PBXFileReference; lastKnownFileType = file; path = impact.ttf; sourceTree = "<group>"; };
		49C388561D37CB4600FE0160 /* AnalyticsManager.h */ = {isa = PBXFileReference; fileEncoding = 4; lastKnownFileType = sourcecode.c.h; path = AnalyticsManager.h; sourceTree = "<group>"; };
		49C388571D37CB4600FE0160 /* AnalyticsManager.m */ = {isa = PBXFileReference; fileEncoding = 4; lastKnownFileType = sourcecode.c.objc; path = AnalyticsManager.m; sourceTree = "<group>"; };
		49F8C02B1E5376E40075B4BE /* GifQuality.h */ = {isa = PBXFileReference; fileEncoding = 4; lastKnownFileType = sourcecode.c.h; path = GifQuality.h; sourceTree = "<group>"; };
		D470C605D8547346565B5001 /* Pods-gifmaker.release.xcconfig */ = {isa = PBXFileReference; includeInIndex = 1; lastKnownFileType = text.xcconfig; name = "Pods-gifmaker.release.xcconfig"; path = "Pods/Target Support Files/Pods-gifmaker/Pods-gifmaker.release.xcconfig"; sourceTree = "<group>"; };
/* End PBXFileReference section */

/* Begin PBXFrameworksBuildPhase section */
		496BC5391C03A559001713BA /* Frameworks */ = {
			isa = PBXFrameworksBuildPhase;
			buildActionMask = 2147483647;
			files = (
				496BC5731C03B383001713BA /* AVFoundation.framework in Frameworks */,
				4932A1441C1F2CB1003FA850 /* FBSDKMessengerShareKit.framework in Frameworks */,
				4B81CDE7B677CEDB2FAD0815 /* libPods-gifmaker.a in Frameworks */,
			);
			runOnlyForDeploymentPostprocessing = 0;
		};
		496BC5521C03A559001713BA /* Frameworks */ = {
			isa = PBXFrameworksBuildPhase;
			buildActionMask = 2147483647;
			files = (
			);
			runOnlyForDeploymentPostprocessing = 0;
		};
		496BC55D1C03A559001713BA /* Frameworks */ = {
			isa = PBXFrameworksBuildPhase;
			buildActionMask = 2147483647;
			files = (
			);
			runOnlyForDeploymentPostprocessing = 0;
		};
/* End PBXFrameworksBuildPhase section */

/* Begin PBXGroup section */
		49693F6D1C087F0A007298EF /* categories */ = {
			isa = PBXGroup;
			children = (
				4958B4321C3A9A84006FC60E /* NSObject+Helpers.h */,
				4958B4331C3A9A84006FC60E /* NSObject+Helpers.m */,
				49693F691C087ECE007298EF /* NSString+Extras.h */,
				49693F6A1C087ECE007298EF /* NSString+Extras.m */,
				49693F661C062606007298EF /* UIImage+Extras.h */,
				49693F671C062606007298EF /* UIImage+Extras.m */,
				4958B4351C3A9DD1006FC60E /* UIImage+animatedGIF.h */,
				4958B4361C3A9DD1006FC60E /* UIImage+animatedGIF.m */,
				495E9E0F1CE20BE0005CF223 /* UIImagePickerController+Additions.h */,
				495E9E101CE20BE0005CF223 /* UIImagePickerController+Additions.m */,
				49043E881CB5760B00A3696C /* UIView+Extras.h */,
				49043E891CB5760B00A3696C /* UIView+Extras.m */,
			);
			name = categories;
			path = categories;
			sourceTree = "<group>";
		};
		496BC5331C03A559001713BA = {
			isa = PBXGroup;
			children = (
				E0229A771DEF1E82F63CEC06 /* Frameworks */,
				E7F8C0EF88CD92431F779AB5 /* Pods */,
				496BC53D1C03A559001713BA /* Products */,
				496BC53E1C03A559001713BA /* gifmaker */,
				496BC5581C03A559001713BA /* gifmakerTests */,
				496BC5631C03A559001713BA /* gifmakerUITests */,
				496BC5721C03B383001713BA /* AVFoundation.framework */,
				4932A1431C1F2CB1003FA850 /* FBSDKMessengerShareKit.framework */,
			);
			sourceTree = "<group>";
		};
		496BC53D1C03A559001713BA /* Products */ = {
			isa = PBXGroup;
			children = (
				496BC53C1C03A559001713BA /* gifmaker.app */,
				496BC5551C03A559001713BA /* gifmakerTests.xctest */,
				496BC5601C03A559001713BA /* gifmakerUITests.xctest */,
			);
			name = Products;
			sourceTree = "<group>";
		};
		496BC53E1C03A559001713BA /* gifmaker */ = {
			isa = PBXGroup;
			children = (
				496BC53F1C03A559001713BA /* Supporting Files */,
				49693F6D1C087F0A007298EF /* categories */,
				496CBBD41C2B392200D5C117 /* models */,
				496CBBD31C2B38FA00D5C117 /* sharingActivities */,
				49A8A21E1E55E37F004EC288 /* ui */,
				496BC5421C03A559001713BA /* AppDelegate.h */,
				496BC5431C03A559001713BA /* AppDelegate.m */,
				496BC54B1C03A559001713BA /* Assets.xcassets */,
				496BC5501C03A559001713BA /* Info.plist */,
				496BC54D1C03A559001713BA /* LaunchScreen.storyboard */,
				49043E871CB3FFDD00A3696C /* Macros.h */,
				496BC5481C03A559001713BA /* Main.storyboard */,
				49B4F0FD1C1091B6009475B1 /* impact.ttf */,
			);
			path = gifmaker;
			sourceTree = "<group>";
		};
		496BC53F1C03A559001713BA /* Supporting Files */ = {
			isa = PBXGroup;
			children = (
				496BC5401C03A559001713BA /* main.m */,
			);
			name = "Supporting Files";
			path = "Supporting Files";
			sourceTree = "<group>";
		};
		496BC5581C03A559001713BA /* gifmakerTests */ = {
			isa = PBXGroup;
			children = (
				496BC55B1C03A559001713BA /* Info.plist */,
				496BC5591C03A559001713BA /* gifmakerTests.m */,
			);
			path = gifmakerTests;
			sourceTree = "<group>";
		};
		496BC5631C03A559001713BA /* gifmakerUITests */ = {
			isa = PBXGroup;
			children = (
				496BC5661C03A559001713BA /* Info.plist */,
				496BC5641C03A559001713BA /* gifmakerUITests.m */,
			);
			path = gifmakerUITests;
			sourceTree = "<group>";
		};
		496CBBD31C2B38FA00D5C117 /* sharingActivities */ = {
			isa = PBXGroup;
			children = (
				496CBBCD1C2AF51100D5C117 /* FacebookMessengerShareActivity.h */,
				496CBBCE1C2AF51100D5C117 /* FacebookMessengerShareActivity.m */,
				496CBBC71C2AE52C00D5C117 /* FacebookShareActivity.h */,
				496CBBC81C2AE52C00D5C117 /* FacebookShareActivity.m */,
				496CBBCA1C2AED4400D5C117 /* IMessageShareActivity.h */,
				496CBBCB1C2AED4400D5C117 /* IMessageShareActivity.m */,
				496CBBD01C2AFE5400D5C117 /* SaveVideoActivity.h */,
				496CBBD11C2AFE5400D5C117 /* SaveVideoActivity.m */,
			);
			name = sharingActivities;
			path = sharingActivities;
			sourceTree = "<group>";
		};
		496CBBD41C2B392200D5C117 /* models */ = {
			isa = PBXGroup;
			children = (
				49C388561D37CB4600FE0160 /* AnalyticsManager.h */,
				49C388571D37CB4600FE0160 /* AnalyticsManager.m */,
				497131A21C176C2900DF7766 /* Exporter.h */,
				497131A31C176C2900DF7766 /* Exporter.m */,
				49693F6E1C0881C9007298EF /* GifElement.h */,
				49693F6F1C0881C9007298EF /* GifElement.m */,
				49693F711C0889DE007298EF /* GifManager.h */,
				49693F721C0889DE007298EF /* GifManager.m */,
				49F8C02B1E5376E40075B4BE /* GifQuality.h */,
				491AE1961E5356F30071D579 /* GifQuality.m */,
				497B708D1D37B557006CA3FC /* NetworkManager.h */,
				497B708E1D37B557006CA3FC /* NetworkManager.m */,
				49178B3A1E29146A00E40B8B /* VideoSource.h */,
				49178B3B1E29146A00E40B8B /* VideoSource.m */,
			);
			name = models;
			path = models;
			sourceTree = "<group>";
		};
		49A8A21D1E55E364004EC288 /* viewcontrollers */ = {
			isa = PBXGroup;
			children = (
				49B4F0FA1C107AC6009475B1 /* CaptionsViewController.h */,
				49B4F0FB1C107AC6009475B1 /* CaptionsViewController.m */,
				49693F741C08AA35007298EF /* GifListViewController.h */,
				49693F751C08AA35007298EF /* GifListViewController.m */,
				496BC57F1C0505BA001713BA /* RecordViewController.h */,
				496BC5801C0505BA001713BA /* RecordViewController.m */,
				49163E911E2E47BF008919D9 /* VideoScrubberViewController.h */,
				49163E921E2E47BF008919D9 /* VideoScrubberViewController.m */,
			);
			name = viewcontrollers;
			path = viewcontrollers;
			sourceTree = "<group>";
		};
		49A8A21E1E55E37F004EC288 /* ui */ = {
			isa = PBXGroup;
			children = (
				49A8A21F1E55E38B004EC288 /* cells */,
				49A8A21D1E55E364004EC288 /* viewcontrollers */,
			);
			name = ui;
			path = ui;
			sourceTree = "<group>";
		};
		49A8A21F1E55E38B004EC288 /* cells */ = {
			isa = PBXGroup;
			children = (
				49693F771C08B444007298EF /* GifTableViewCell.h */,
				49693F781C08B444007298EF /* GifTableViewCell.m */,
			);
			name = cells;
			path = cells;
			sourceTree = "<group>";
		};
		E0229A771DEF1E82F63CEC06 /* Frameworks */ = {
			isa = PBXGroup;
			children = (
				4932A1411C1F2B38003FA850 /* FBSDKMessengerShareKit.framework */,
				2F967DCD718F97C04E6696A3 /* libPods-gifmaker.a */,
			);
			name = Frameworks;
			sourceTree = "<group>";
		};
		E7F8C0EF88CD92431F779AB5 /* Pods */ = {
			isa = PBXGroup;
			children = (
				38CF65B7AF7C1A3E4B0A1D97 /* Pods-gifmaker.debug.xcconfig */,
				D470C605D8547346565B5001 /* Pods-gifmaker.release.xcconfig */,
			);
			name = Pods;
			sourceTree = "<group>";
		};
/* End PBXGroup section */

/* Begin PBXNativeTarget section */
		496BC53B1C03A559001713BA /* gifmaker */ = {
			isa = PBXNativeTarget;
			buildConfigurationList = 496BC5691C03A559001713BA /* Build configuration list for PBXNativeTarget "gifmaker" */;
			buildPhases = (
				97EDF8FEAED55904907A3C5D /* [CP] Check Pods Manifest.lock */,
				496BC5381C03A559001713BA /* Sources */,
				496BC5391C03A559001713BA /* Frameworks */,
				496BC53A1C03A559001713BA /* Resources */,
				3AD39E72503B52FBF12ED994 /* [CP] Embed Pods Frameworks */,
				23F7669F349517D8D0E5F78A /* [CP] Copy Pods Resources */,
			);
			buildRules = (
			);
			dependencies = (
			);
			name = gifmaker;
			productName = gifmaker;
			productReference = 496BC53C1C03A559001713BA /* gifmaker.app */;
			productType = "com.apple.product-type.application";
		};
		496BC5541C03A559001713BA /* gifmakerTests */ = {
			isa = PBXNativeTarget;
			buildConfigurationList = 496BC56C1C03A559001713BA /* Build configuration list for PBXNativeTarget "gifmakerTests" */;
			buildPhases = (
				496BC5511C03A559001713BA /* Sources */,
				496BC5521C03A559001713BA /* Frameworks */,
				496BC5531C03A559001713BA /* Resources */,
			);
			buildRules = (
			);
			dependencies = (
				496BC5571C03A559001713BA /* PBXTargetDependency */,
			);
			name = gifmakerTests;
			productName = gifmakerTests;
			productReference = 496BC5551C03A559001713BA /* gifmakerTests.xctest */;
			productType = "com.apple.product-type.bundle.unit-test";
		};
		496BC55F1C03A559001713BA /* gifmakerUITests */ = {
			isa = PBXNativeTarget;
			buildConfigurationList = 496BC56F1C03A559001713BA /* Build configuration list for PBXNativeTarget "gifmakerUITests" */;
			buildPhases = (
				496BC55C1C03A559001713BA /* Sources */,
				496BC55D1C03A559001713BA /* Frameworks */,
				496BC55E1C03A559001713BA /* Resources */,
			);
			buildRules = (
			);
			dependencies = (
				496BC5621C03A559001713BA /* PBXTargetDependency */,
			);
			name = gifmakerUITests;
			productName = gifmakerUITests;
			productReference = 496BC5601C03A559001713BA /* gifmakerUITests.xctest */;
			productType = "com.apple.product-type.bundle.ui-testing";
		};
/* End PBXNativeTarget section */

/* Begin PBXProject section */
		496BC5341C03A559001713BA /* Project object */ = {
			isa = PBXProject;
			attributes = {
				LastUpgradeCheck = 0810;
				ORGANIZATIONNAME = Cayugasoft;
				TargetAttributes = {
					496BC53B1C03A559001713BA = {
						CreatedOnToolsVersion = 7.1.1;
						DevelopmentTeam = 579QBLN47H;
						ProvisioningStyle = Automatic;
					};
					496BC5541C03A559001713BA = {
						CreatedOnToolsVersion = 7.1.1;
						TestTargetID = 496BC53B1C03A559001713BA;
					};
					496BC55F1C03A559001713BA = {
						CreatedOnToolsVersion = 7.1.1;
						TestTargetID = 496BC53B1C03A559001713BA;
					};
				};
			};
			buildConfigurationList = 496BC5371C03A559001713BA /* Build configuration list for PBXProject "gifmaker" */;
			compatibilityVersion = "Xcode 3.2";
			developmentRegion = English;
			hasScannedForEncodings = 0;
			knownRegions = (
				en,
				Base,
			);
			mainGroup = 496BC5331C03A559001713BA;
			productRefGroup = 496BC53D1C03A559001713BA /* Products */;
			projectDirPath = "";
			projectRoot = "";
			targets = (
				496BC53B1C03A559001713BA /* gifmaker */,
				496BC5541C03A559001713BA /* gifmakerTests */,
				496BC55F1C03A559001713BA /* gifmakerUITests */,
			);
		};
/* End PBXProject section */

/* Begin PBXResourcesBuildPhase section */
		496BC53A1C03A559001713BA /* Resources */ = {
			isa = PBXResourcesBuildPhase;
			buildActionMask = 2147483647;
			files = (
				49B4F0FE1C1091B6009475B1 /* impact.ttf in Resources */,
				496BC54F1C03A559001713BA /* LaunchScreen.storyboard in Resources */,
				496BC54C1C03A559001713BA /* Assets.xcassets in Resources */,
				496BC54A1C03A559001713BA /* Main.storyboard in Resources */,
			);
			runOnlyForDeploymentPostprocessing = 0;
		};
		496BC5531C03A559001713BA /* Resources */ = {
			isa = PBXResourcesBuildPhase;
			buildActionMask = 2147483647;
			files = (
			);
			runOnlyForDeploymentPostprocessing = 0;
		};
		496BC55E1C03A559001713BA /* Resources */ = {
			isa = PBXResourcesBuildPhase;
			buildActionMask = 2147483647;
			files = (
			);
			runOnlyForDeploymentPostprocessing = 0;
		};
/* End PBXResourcesBuildPhase section */

/* Begin PBXShellScriptBuildPhase section */
		23F7669F349517D8D0E5F78A /* [CP] Copy Pods Resources */ = {
			isa = PBXShellScriptBuildPhase;
			buildActionMask = 2147483647;
			files = (
			);
			inputPaths = (
			);
			name = "[CP] Copy Pods Resources";
			outputPaths = (
			);
			runOnlyForDeploymentPostprocessing = 0;
			shellPath = /bin/sh;
			shellScript = "\"${SRCROOT}/Pods/Target Support Files/Pods-gifmaker/Pods-gifmaker-resources.sh\"\n";
			showEnvVarsInLog = 0;
		};
		3AD39E72503B52FBF12ED994 /* [CP] Embed Pods Frameworks */ = {
			isa = PBXShellScriptBuildPhase;
			buildActionMask = 2147483647;
			files = (
			);
			inputPaths = (
			);
			name = "[CP] Embed Pods Frameworks";
			outputPaths = (
			);
			runOnlyForDeploymentPostprocessing = 0;
			shellPath = /bin/sh;
			shellScript = "\"${SRCROOT}/Pods/Target Support Files/Pods-gifmaker/Pods-gifmaker-frameworks.sh\"\n";
			showEnvVarsInLog = 0;
		};
		97EDF8FEAED55904907A3C5D /* [CP] Check Pods Manifest.lock */ = {
			isa = PBXShellScriptBuildPhase;
			buildActionMask = 2147483647;
			files = (
			);
			inputPaths = (
			);
			name = "[CP] Check Pods Manifest.lock";
			outputPaths = (
			);
			runOnlyForDeploymentPostprocessing = 0;
			shellPath = /bin/sh;
			shellScript = "diff \"${PODS_ROOT}/../Podfile.lock\" \"${PODS_ROOT}/Manifest.lock\" > /dev/null\nif [ $? != 0 ] ; then\n    # print error to STDERR\n    echo \"error: The sandbox is not in sync with the Podfile.lock. Run 'pod install' or update your CocoaPods installation.\" >&2\n    exit 1\nfi\n";
			showEnvVarsInLog = 0;
		};
/* End PBXShellScriptBuildPhase section */

/* Begin PBXSourcesBuildPhase section */
		496BC5381C03A559001713BA /* Sources */ = {
			isa = PBXSourcesBuildPhase;
			buildActionMask = 2147483647;
			files = (
				496CBBCC1C2AED4400D5C117 /* IMessageShareActivity.m in Sources */,
				49043E8A1CB5760B00A3696C /* UIView+Extras.m in Sources */,
				496CBBD21C2AFE5400D5C117 /* SaveVideoActivity.m in Sources */,
				49693F761C08AA35007298EF /* GifListViewController.m in Sources */,
				496BC5441C03A559001713BA /* AppDelegate.m in Sources */,
				496BC5411C03A559001713BA /* main.m in Sources */,
				49178B3C1E29146A00E40B8B /* VideoSource.m in Sources */,
				49693F6B1C087ECE007298EF /* NSString+Extras.m in Sources */,
				49693F791C08B444007298EF /* GifTableViewCell.m in Sources */,
				497B708F1D37B557006CA3FC /* NetworkManager.m in Sources */,
				49B4F0FC1C107AC6009475B1 /* CaptionsViewController.m in Sources */,
				496CBBC91C2AE52C00D5C117 /* FacebookShareActivity.m in Sources */,
				496BC5811C0505BA001713BA /* RecordViewController.m in Sources */,
				4958B4371C3A9DD1006FC60E /* UIImage+animatedGIF.m in Sources */,
				496CBBCF1C2AF51100D5C117 /* FacebookMessengerShareActivity.m in Sources */,
				49693F701C0881C9007298EF /* GifElement.m in Sources */,
				49C388581D37CB4600FE0160 /* AnalyticsManager.m in Sources */,
				49693F681C062606007298EF /* UIImage+Extras.m in Sources */,
				495E9E111CE20BE0005CF223 /* UIImagePickerController+Additions.m in Sources */,
				491AE1971E5356F30071D579 /* GifQuality.m in Sources */,
				4958B4341C3A9A84006FC60E /* NSObject+Helpers.m in Sources */,
				49163E931E2E47BF008919D9 /* VideoScrubberViewController.m in Sources */,
				497131A41C176C2900DF7766 /* Exporter.m in Sources */,
				49693F731C0889DE007298EF /* GifManager.m in Sources */,
			);
			runOnlyForDeploymentPostprocessing = 0;
		};
		496BC5511C03A559001713BA /* Sources */ = {
			isa = PBXSourcesBuildPhase;
			buildActionMask = 2147483647;
			files = (
				496BC55A1C03A559001713BA /* gifmakerTests.m in Sources */,
			);
			runOnlyForDeploymentPostprocessing = 0;
		};
		496BC55C1C03A559001713BA /* Sources */ = {
			isa = PBXSourcesBuildPhase;
			buildActionMask = 2147483647;
			files = (
				496BC5651C03A559001713BA /* gifmakerUITests.m in Sources */,
			);
			runOnlyForDeploymentPostprocessing = 0;
		};
/* End PBXSourcesBuildPhase section */

/* Begin PBXTargetDependency section */
		496BC5571C03A559001713BA /* PBXTargetDependency */ = {
			isa = PBXTargetDependency;
			target = 496BC53B1C03A559001713BA /* gifmaker */;
			targetProxy = 496BC5561C03A559001713BA /* PBXContainerItemProxy */;
		};
		496BC5621C03A559001713BA /* PBXTargetDependency */ = {
			isa = PBXTargetDependency;
			target = 496BC53B1C03A559001713BA /* gifmaker */;
			targetProxy = 496BC5611C03A559001713BA /* PBXContainerItemProxy */;
		};
/* End PBXTargetDependency section */

/* Begin PBXVariantGroup section */
		496BC5481C03A559001713BA /* Main.storyboard */ = {
			isa = PBXVariantGroup;
			children = (
				496BC5491C03A559001713BA /* Base */,
			);
			name = Main.storyboard;
			path = .;
			sourceTree = "<group>";
		};
		496BC54D1C03A559001713BA /* LaunchScreen.storyboard */ = {
			isa = PBXVariantGroup;
			children = (
				496BC54E1C03A559001713BA /* Base */,
			);
			name = LaunchScreen.storyboard;
			path = .;
			sourceTree = "<group>";
		};
/* End PBXVariantGroup section */

/* Begin XCBuildConfiguration section */
		496BC5671C03A559001713BA /* Debug */ = {
			isa = XCBuildConfiguration;
			buildSettings = {
				ALWAYS_SEARCH_USER_PATHS = NO;
				CLANG_CXX_LANGUAGE_STANDARD = "gnu++0x";
				CLANG_CXX_LIBRARY = "libc++";
				CLANG_ENABLE_MODULES = YES;
				CLANG_ENABLE_OBJC_ARC = YES;
				CLANG_WARN_BOOL_CONVERSION = YES;
				CLANG_WARN_CONSTANT_CONVERSION = YES;
				CLANG_WARN_DIRECT_OBJC_ISA_USAGE = YES_ERROR;
				CLANG_WARN_EMPTY_BODY = YES;
				CLANG_WARN_ENUM_CONVERSION = YES;
				CLANG_WARN_INFINITE_RECURSION = YES;
				CLANG_WARN_INT_CONVERSION = YES;
				CLANG_WARN_OBJC_ROOT_CLASS = YES_ERROR;
				CLANG_WARN_SUSPICIOUS_MOVE = YES;
				CLANG_WARN_UNREACHABLE_CODE = YES;
				CLANG_WARN__DUPLICATE_METHOD_MATCH = YES;
				"CODE_SIGN_IDENTITY[sdk=iphoneos*]" = "iPhone Developer";
				COPY_PHASE_STRIP = NO;
				DEBUG_INFORMATION_FORMAT = dwarf;
				ENABLE_STRICT_OBJC_MSGSEND = YES;
				ENABLE_TESTABILITY = YES;
				GCC_C_LANGUAGE_STANDARD = gnu99;
				GCC_DYNAMIC_NO_PIC = NO;
				GCC_NO_COMMON_BLOCKS = YES;
				GCC_OPTIMIZATION_LEVEL = 0;
				GCC_PREPROCESSOR_DEFINITIONS = (
					"DEBUG=1",
					"$(inherited)",
				);
				GCC_WARN_64_TO_32_BIT_CONVERSION = YES;
				GCC_WARN_ABOUT_RETURN_TYPE = YES_ERROR;
				GCC_WARN_UNDECLARED_SELECTOR = YES;
				GCC_WARN_UNINITIALIZED_AUTOS = YES_AGGRESSIVE;
				GCC_WARN_UNUSED_FUNCTION = YES;
				GCC_WARN_UNUSED_VARIABLE = YES;
				IPHONEOS_DEPLOYMENT_TARGET = 9.1;
				MTL_ENABLE_DEBUG_INFO = YES;
				ONLY_ACTIVE_ARCH = YES;
				SDKROOT = iphoneos;
			};
			name = Debug;
		};
		496BC5681C03A559001713BA /* Release */ = {
			isa = XCBuildConfiguration;
			buildSettings = {
				ALWAYS_SEARCH_USER_PATHS = NO;
				CLANG_CXX_LANGUAGE_STANDARD = "gnu++0x";
				CLANG_CXX_LIBRARY = "libc++";
				CLANG_ENABLE_MODULES = YES;
				CLANG_ENABLE_OBJC_ARC = YES;
				CLANG_WARN_BOOL_CONVERSION = YES;
				CLANG_WARN_CONSTANT_CONVERSION = YES;
				CLANG_WARN_DIRECT_OBJC_ISA_USAGE = YES_ERROR;
				CLANG_WARN_EMPTY_BODY = YES;
				CLANG_WARN_ENUM_CONVERSION = YES;
				CLANG_WARN_INFINITE_RECURSION = YES;
				CLANG_WARN_INT_CONVERSION = YES;
				CLANG_WARN_OBJC_ROOT_CLASS = YES_ERROR;
				CLANG_WARN_SUSPICIOUS_MOVE = YES;
				CLANG_WARN_UNREACHABLE_CODE = YES;
				CLANG_WARN__DUPLICATE_METHOD_MATCH = YES;
				"CODE_SIGN_IDENTITY[sdk=iphoneos*]" = "iPhone Developer";
				COPY_PHASE_STRIP = NO;
				DEBUG_INFORMATION_FORMAT = "dwarf-with-dsym";
				ENABLE_NS_ASSERTIONS = NO;
				ENABLE_STRICT_OBJC_MSGSEND = YES;
				GCC_C_LANGUAGE_STANDARD = gnu99;
				GCC_NO_COMMON_BLOCKS = YES;
				GCC_WARN_64_TO_32_BIT_CONVERSION = YES;
				GCC_WARN_ABOUT_RETURN_TYPE = YES_ERROR;
				GCC_WARN_UNDECLARED_SELECTOR = YES;
				GCC_WARN_UNINITIALIZED_AUTOS = YES_AGGRESSIVE;
				GCC_WARN_UNUSED_FUNCTION = YES;
				GCC_WARN_UNUSED_VARIABLE = YES;
				IPHONEOS_DEPLOYMENT_TARGET = 9.1;
				MTL_ENABLE_DEBUG_INFO = NO;
				SDKROOT = iphoneos;
				VALIDATE_PRODUCT = YES;
			};
			name = Release;
		};
		496BC56A1C03A559001713BA /* Debug */ = {
			isa = XCBuildConfiguration;
			baseConfigurationReference = 38CF65B7AF7C1A3E4B0A1D97 /* Pods-gifmaker.debug.xcconfig */;
			buildSettings = {
				ASSETCATALOG_COMPILER_APPICON_NAME = AppIcon;
				CODE_SIGN_IDENTITY = "iPhone Developer";
				"CODE_SIGN_IDENTITY[sdk=iphoneos*]" = "iPhone Developer";
				DEVELOPMENT_TEAM = "";
				FRAMEWORK_SEARCH_PATHS = (
					"$(inherited)",
					"$(PROJECT_DIR)",
				);
				INFOPLIST_FILE = gifmaker/Info.plist;
				LD_RUNPATH_SEARCH_PATHS = "$(inherited) @executable_path/Frameworks";
				PRODUCT_BUNDLE_IDENTIFIER = com.cayugasoft.gifmaker;
				PRODUCT_NAME = "$(TARGET_NAME)";
				PROVISIONING_PROFILE = "";
				PROVISIONING_PROFILE_SPECIFIER = "";
			};
			name = Debug;
		};
		496BC56B1C03A559001713BA /* Release */ = {
			isa = XCBuildConfiguration;
			baseConfigurationReference = D470C605D8547346565B5001 /* Pods-gifmaker.release.xcconfig */;
			buildSettings = {
				ASSETCATALOG_COMPILER_APPICON_NAME = AppIcon;
				CODE_SIGN_IDENTITY = "iPhone Developer";
				"CODE_SIGN_IDENTITY[sdk=iphoneos*]" = "iPhone Developer";
				FRAMEWORK_SEARCH_PATHS = (
					"$(inherited)",
					"$(PROJECT_DIR)",
				);
				INFOPLIST_FILE = gifmaker/Info.plist;
				LD_RUNPATH_SEARCH_PATHS = "$(inherited) @executable_path/Frameworks";
				PRODUCT_BUNDLE_IDENTIFIER = com.cayugasoft.gifmaker;
				PRODUCT_NAME = "$(TARGET_NAME)";
				PROVISIONING_PROFILE = "";
			};
			name = Release;
		};
		496BC56D1C03A559001713BA /* Debug */ = {
			isa = XCBuildConfiguration;
			buildSettings = {
				BUNDLE_LOADER = "$(TEST_HOST)";
				INFOPLIST_FILE = gifmakerTests/Info.plist;
				LD_RUNPATH_SEARCH_PATHS = "$(inherited) @executable_path/Frameworks @loader_path/Frameworks";
				PRODUCT_BUNDLE_IDENTIFIER = com.cayugasoft.gifmakerTests;
				PRODUCT_NAME = "$(TARGET_NAME)";
				TEST_HOST = "$(BUILT_PRODUCTS_DIR)/gifmaker.app/gifmaker";
			};
			name = Debug;
		};
		496BC56E1C03A559001713BA /* Release */ = {
			isa = XCBuildConfiguration;
			buildSettings = {
				BUNDLE_LOADER = "$(TEST_HOST)";
				INFOPLIST_FILE = gifmakerTests/Info.plist;
				LD_RUNPATH_SEARCH_PATHS = "$(inherited) @executable_path/Frameworks @loader_path/Frameworks";
				PRODUCT_BUNDLE_IDENTIFIER = com.cayugasoft.gifmakerTests;
				PRODUCT_NAME = "$(TARGET_NAME)";
				TEST_HOST = "$(BUILT_PRODUCTS_DIR)/gifmaker.app/gifmaker";
			};
			name = Release;
		};
		496BC5701C03A559001713BA /* Debug */ = {
			isa = XCBuildConfiguration;
			buildSettings = {
				INFOPLIST_FILE = gifmakerUITests/Info.plist;
				LD_RUNPATH_SEARCH_PATHS = "$(inherited) @executable_path/Frameworks @loader_path/Frameworks";
				PRODUCT_BUNDLE_IDENTIFIER = com.cayugasoft.gifmakerUITests;
				PRODUCT_NAME = "$(TARGET_NAME)";
				TEST_TARGET_NAME = gifmaker;
				USES_XCTRUNNER = YES;
			};
			name = Debug;
		};
		496BC5711C03A559001713BA /* Release */ = {
			isa = XCBuildConfiguration;
			buildSettings = {
				INFOPLIST_FILE = gifmakerUITests/Info.plist;
				LD_RUNPATH_SEARCH_PATHS = "$(inherited) @executable_path/Frameworks @loader_path/Frameworks";
				PRODUCT_BUNDLE_IDENTIFIER = com.cayugasoft.gifmakerUITests;
				PRODUCT_NAME = "$(TARGET_NAME)";
				TEST_TARGET_NAME = gifmaker;
				USES_XCTRUNNER = YES;
			};
			name = Release;
		};
/* End XCBuildConfiguration section */

/* Begin XCConfigurationList section */
		496BC5371C03A559001713BA /* Build configuration list for PBXProject "gifmaker" */ = {
			isa = XCConfigurationList;
			buildConfigurations = (
				496BC5671C03A559001713BA /* Debug */,
				496BC5681C03A559001713BA /* Release */,
			);
			defaultConfigurationIsVisible = 0;
			defaultConfigurationName = Release;
		};
		496BC5691C03A559001713BA /* Build configuration list for PBXNativeTarget "gifmaker" */ = {
			isa = XCConfigurationList;
			buildConfigurations = (
				496BC56A1C03A559001713BA /* Debug */,
				496BC56B1C03A559001713BA /* Release */,
			);
			defaultConfigurationIsVisible = 0;
			defaultConfigurationName = Release;
		};
		496BC56C1C03A559001713BA /* Build configuration list for PBXNativeTarget "gifmakerTests" */ = {
			isa = XCConfigurationList;
			buildConfigurations = (
				496BC56D1C03A559001713BA /* Debug */,
				496BC56E1C03A559001713BA /* Release */,
			);
			defaultConfigurationIsVisible = 0;
			defaultConfigurationName = Release;
		};
		496BC56F1C03A559001713BA /* Build configuration list for PBXNativeTarget "gifmakerUITests" */ = {
			isa = XCConfigurationList;
			buildConfigurations = (
				496BC5701C03A559001713BA /* Debug */,
				496BC5711C03A559001713BA /* Release */,
			);
			defaultConfigurationIsVisible = 0;
			defaultConfigurationName = Release;
		};
/* End XCConfigurationList section */
	};
	rootObject = 496BC5341C03A559001713BA /* Project object */;
}
